
Microsoft Visual Studio Solution File, Format Version 12.00
# Visual Studio Version 17
VisualStudioVersion = 17.0.31903.59
MinimumVisualStudioVersion = 10.0.40219.1
Project("{2150E333-8FDC-42A3-9474-1A3956D46DE8}") = "src", "src", "{827E0CD3-B72D-47B6-A68D-7590B98EB39B}"
EndProject
Project("{FAE04EC0-301F-11D3-BF4B-00C04F79EFBC}") = "DQOPR.NetPulse.Core", "src\DQOPR.NetPulse.Core\DQOPR.NetPulse.Core.csproj", "{44814922-2CF5-4123-B4E4-E8B66F357DF7}"
EndProject
Project("{FAE04EC0-301F-11D3-BF4B-00C04F79EFBC}") = "DQOPR.NetPulse.Diagnostics", "src\DQOPR.NetPulse.Diagnostics\DQOPR.NetPulse.Diagnostics.csproj", "{913490EA-9E7A-4BB8-8FB6-6264FF2B2887}"
EndProject
Project("{FAE04EC0-301F-11D3-BF4B-00C04F79EFBC}") = "DQOPR.NetPulse.Networking", "src\DQOPR.NetPulse.Networking\DQOPR.NetPulse.Networking.csproj", "{8B6FBCF0-2D94-47C1-B891-2D210BB95F19}"
EndProject
Project("{FAE04EC0-301F-11D3-BF4B-00C04F79EFBC}") = "DQOPR.NetPulse.Storage", "src\DQOPR.NetPulse.Storage\DQOPR.NetPulse.Storage.csproj", "{CB9FB626-F713-4237-AFF0-B2F6270F4743}"
EndProject
Project("{FAE04EC0-301F-11D3-BF4B-00C04F79EFBC}") = "DQOPR.NetPulse.Reporting", "src\DQOPR.NetPulse.Reporting\DQOPR.NetPulse.Reporting.csproj", "{9DA5FA58-DEA8-4EDB-89EB-DD3C1FDF1D51}"
EndProject
Project("{FAE04EC0-301F-11D3-BF4B-00C04F79EFBC}") = "DQOPR.NetPulse.Platform.Windows", "src\DQOPR.NetPulse.Platform.Windows\DQOPR.NetPulse.Platform.Windows.csproj", "{B6D17FA6-2653-44CE-A58F-9BDC35A114B8}"
EndProject
Project("{2150E333-8FDC-42A3-9474-1A3956D46DE8}") = "tests", "tests", "{0AB3BF05-4346-4AA6-1389-037BE0695223}"
EndProject
Project("{FAE04EC0-301F-11D3-BF4B-00C04F79EFBC}") = "DQOPR.NetPulse.Core.Tests", "tests\DQOPR.NetPulse.Core.Tests\DQOPR.NetPulse.Core.Tests.csproj", "{1B06AC63-440E-4957-BF17-080AFF704A90}"
EndProject
Project("{FAE04EC0-301F-11D3-BF4B-00C04F79EFBC}") = "DQOPR.NetPulse.Diagnostics.Tests", "tests\DQOPR.NetPulse.Diagnostics.Tests\DQOPR.NetPulse.Diagnostics.Tests.csproj", "{9B36A1EC-1BD8-40B9-8C29-F821165FD4DD}"
EndProject
Project("{FAE04EC0-301F-11D3-BF4B-00C04F79EFBC}") = "DQOPR.NetPulse.Networking.Tests", "tests\DQOPR.NetPulse.Networking.Tests\DQOPR.NetPulse.Networking.Tests.csproj", "{D2B3EBE8-A28C-465B-AC8A-EEF65C7CE0E2}"
EndProject
Project("{FAE04EC0-301F-11D3-BF4B-00C04F79EFBC}") = "DQOPR.NetPulse.Storage.Tests", "tests\DQOPR.NetPulse.Storage.Tests\DQOPR.NetPulse.Storage.Tests.csproj", "{7B630032-CE6A-46F4-BF7A-FDE71B9B94F2}"
EndProject
Project("{FAE04EC0-301F-11D3-BF4B-00C04F79EFBC}") = "DQOPR.NetPulse.IntegrationTests", "tests\DQOPR.NetPulse.IntegrationTests\DQOPR.NetPulse.IntegrationTests.csproj", "{F1082B23-C4C1-49D3-AEC2-5BEBEB2768FB}"
EndProject
Project("{FAE04EC0-301F-11D3-BF4B-00C04F79EFBC}") = "DQOPR.NetPulse.App", "src\DQOPR.NetPulse.App\DQOPR.NetPulse.App.csproj", "{8FC05C45-EFBF-4D72-99BA-7EE6AC88B804}"
EndProject
Global
	GlobalSection(SolutionConfigurationPlatforms) = preSolution
		Debug|Any CPU = Debug|Any CPU
		Debug|x64 = Debug|x64
		Debug|x86 = Debug|x86
		Release|Any CPU = Release|Any CPU
		Release|x64 = Release|x64
		Release|x86 = Release|x86
	EndGlobalSection
	GlobalSection(ProjectConfigurationPlatforms) = postSolution
		{44814922-2CF5-4123-B4E4-E8B66F357DF7}.Debug|Any CPU.ActiveCfg = Debug|Any CPU
		{44814922-2CF5-4123-B4E4-E8B66F357DF7}.Debug|Any CPU.Build.0 = Debug|Any CPU
		{44814922-2CF5-4123-B4E4-E8B66F357DF7}.Debug|x64.ActiveCfg = Debug|Any CPU
		{44814922-2CF5-4123-B4E4-E8B66F357DF7}.Debug|x64.Build.0 = Debug|Any CPU
		{44814922-2CF5-4123-B4E4-E8B66F357DF7}.Debug|x86.ActiveCfg = Debug|Any CPU
		{44814922-2CF5-4123-B4E4-E8B66F357DF7}.Debug|x86.Build.0 = Debug|Any CPU
		{44814922-2CF5-4123-B4E4-E8B66F357DF7}.Release|Any CPU.ActiveCfg = Release|Any CPU
		{44814922-2CF5-4123-B4E4-E8B66F357DF7}.Release|Any CPU.Build.0 = Release|Any CPU
		{44814922-2CF5-4123-B4E4-E8B66F357DF7}.Release|x64.ActiveCfg = Release|Any CPU
		{44814922-2CF5-4123-B4E4-E8B66F357DF7}.Release|x64.Build.0 = Release|Any CPU
		{44814922-2CF5-4123-B4E4-E8B66F357DF7}.Release|x86.ActiveCfg = Release|Any CPU
		{44814922-2CF5-4123-B4E4-E8B66F357DF7}.Release|x86.Build.0 = Release|Any CPU
		{913490EA-9E7A-4BB8-8FB6-6264FF2B2887}.Debug|Any CPU.ActiveCfg = Debug|Any CPU
		{913490EA-9E7A-4BB8-8FB6-6264FF2B2887}.Debug|Any CPU.Build.0 = Debug|Any CPU
		{913490EA-9E7A-4BB8-8FB6-6264FF2B2887}.Debug|x64.ActiveCfg = Debug|Any CPU
		{913490EA-9E7A-4BB8-8FB6-6264FF2B2887}.Debug|x64.Build.0 = Debug|Any CPU
		{913490EA-9E7A-4BB8-8FB6-6264FF2B2887}.Debug|x86.ActiveCfg = Debug|Any CPU
		{913490EA-9E7A-4BB8-8FB6-6264FF2B2887}.Debug|x86.Build.0 = Debug|Any CPU
		{913490EA-9E7A-4BB8-8FB6-6264FF2B2887}.Release|Any CPU.ActiveCfg = Release|Any CPU
		{913490EA-9E7A-4BB8-8FB6-6264FF2B2887}.Release|Any CPU.Build.0 = Release|Any CPU
		{913490EA-9E7A-4BB8-8FB6-6264FF2B2887}.Release|x64.ActiveCfg = Release|Any CPU
		{913490EA-9E7A-4BB8-8FB6-6264FF2B2887}.Release|x64.Build.0 = Release|Any CPU
		{913490EA-9E7A-4BB8-8FB6-6264FF2B2887}.Release|x86.ActiveCfg = Release|Any CPU
		{913490EA-9E7A-4BB8-8FB6-6264FF2B2887}.Release|x86.Build.0 = Release|Any CPU
		{8B6FBCF0-2D94-47C1-B891-2D210BB95F19}.Debug|Any CPU.ActiveCfg = Debug|Any CPU
		{8B6FBCF0-2D94-47C1-B891-2D210BB95F19}.Debug|Any CPU.Build.0 = Debug|Any CPU
		{8B6FBCF0-2D94-47C1-B891-2D210BB95F19}.Debug|x64.ActiveCfg = Debug|Any CPU
		{8B6FBCF0-2D94-47C1-B891-2D210BB95F19}.Debug|x64.Build.0 = Debug|Any CPU
		{8B6FBCF0-2D94-47C1-B891-2D210BB95F19}.Debug|x86.ActiveCfg = Debug|Any CPU
		{8B6FBCF0-2D94-47C1-B891-2D210BB95F19}.Debug|x86.Build.0 = Debug|Any CPU
		{8B6FBCF0-2D94-47C1-B891-2D210BB95F19}.Release|Any CPU.ActiveCfg = Release|Any CPU
		{8B6FBCF0-2D94-47C1-B891-2D210BB95F19}.Release|Any CPU.Build.0 = Release|Any CPU
		{8B6FBCF0-2D94-47C1-B891-2D210BB95F19}.Release|x64.ActiveCfg = Release|Any CPU
		{8B6FBCF0-2D94-47C1-B891-2D210BB95F19}.Release|x64.Build.0 = Release|Any CPU
		{8B6FBCF0-2D94-47C1-B891-2D210BB95F19}.Release|x86.ActiveCfg = Release|Any CPU
		{8B6FBCF0-2D94-47C1-B891-2D210BB95F19}.Release|x86.Build.0 = Release|Any CPU
		{CB9FB626-F713-4237-AFF0-B2F6270F4743}.Debug|Any CPU.ActiveCfg = Debug|Any CPU
		{CB9FB626-F713-4237-AFF0-B2F6270F4743}.Debug|Any CPU.Build.0 = Debug|Any CPU
		{CB9FB626-F713-4237-AFF0-B2F6270F4743}.Debug|x64.ActiveCfg = Debug|Any CPU
		{CB9FB626-F713-4237-AFF0-B2F6270F4743}.Debug|x64.Build.0 = Debug|Any CPU
		{CB9FB626-F713-4237-AFF0-B2F6270F4743}.Debug|x86.ActiveCfg = Debug|Any CPU
		{CB9FB626-F713-4237-AFF0-B2F6270F4743}.Debug|x86.Build.0 = Debug|Any CPU
		{CB9FB626-F713-4237-AFF0-B2F6270F4743}.Release|Any CPU.ActiveCfg = Release|Any CPU
		{CB9FB626-F713-4237-AFF0-B2F6270F4743}.Release|Any CPU.Build.0 = Release|Any CPU
		{CB9FB626-F713-4237-AFF0-B2F6270F4743}.Release|x64.ActiveCfg = Release|Any CPU
		{CB9FB626-F713-4237-AFF0-B2F6270F4743}.Release|x64.Build.0 = Release|Any CPU
		{CB9FB626-F713-4237-AFF0-B2F6270F4743}.Release|x86.ActiveCfg = Release|Any CPU
		{CB9FB626-F713-4237-AFF0-B2F6270F4743}.Release|x86.Build.0 = Release|Any CPU
		{9DA5FA58-DEA8-4EDB-89EB-DD3C1FDF1D51}.Debug|Any CPU.ActiveCfg = Debug|Any CPU
		{9DA5FA58-DEA8-4EDB-89EB-DD3C1FDF1D51}.Debug|Any CPU.Build.0 = Debug|Any CPU
		{9DA5FA58-DEA8-4EDB-89EB-DD3C1FDF1D51}.Debug|x64.ActiveCfg = Debug|Any CPU
		{9DA5FA58-DEA8-4EDB-89EB-DD3C1FDF1D51}.Debug|x64.Build.0 = Debug|Any CPU
		{9DA5FA58-DEA8-4EDB-89EB-DD3C1FDF1D51}.Debug|x86.ActiveCfg = Debug|Any CPU
		{9DA5FA58-DEA8-4EDB-89EB-DD3C1FDF1D51}.Debug|x86.Build.0 = Debug|Any CPU
		{9DA5FA58-DEA8-4EDB-89EB-DD3C1FDF1D51}.Release|Any CPU.ActiveCfg = Release|Any CPU
		{9DA5FA58-DEA8-4EDB-89EB-DD3C1FDF1D51}.Release|Any CPU.Build.0 = Release|Any CPU
		{9DA5FA58-DEA8-4EDB-89EB-DD3C1FDF1D51}.Release|x64.ActiveCfg = Release|Any CPU
		{9DA5FA58-DEA8-4EDB-89EB-DD3C1FDF1D51}.Release|x64.Build.0 = Release|Any CPU
		{9DA5FA58-DEA8-4EDB-89EB-DD3C1FDF1D51}.Release|x86.ActiveCfg = Release|Any CPU
		{9DA5FA58-DEA8-4EDB-89EB-DD3C1FDF1D51}.Release|x86.Build.0 = Release|Any CPU
		{B6D17FA6-2653-44CE-A58F-9BDC35A114B8}.Debug|Any CPU.ActiveCfg = Debug|Any CPU
		{B6D17FA6-2653-44CE-A58F-9BDC35A114B8}.Debug|Any CPU.Build.0 = Debug|Any CPU
		{B6D17FA6-2653-44CE-A58F-9BDC35A114B8}.Debug|x64.ActiveCfg = Debug|Any CPU
		{B6D17FA6-2653-44CE-A58F-9BDC35A114B8}.Debug|x64.Build.0 = Debug|Any CPU
		{B6D17FA6-2653-44CE-A58F-9BDC35A114B8}.Debug|x86.ActiveCfg = Debug|Any CPU
		{B6D17FA6-2653-44CE-A58F-9BDC35A114B8}.Debug|x86.Build.0 = Debug|Any CPU
		{B6D17FA6-2653-44CE-A58F-9BDC35A114B8}.Release|Any CPU.ActiveCfg = Release|Any CPU
		{B6D17FA6-2653-44CE-A58F-9BDC35A114B8}.Release|Any CPU.Build.0 = Release|Any CPU
		{B6D17FA6-2653-44CE-A58F-9BDC35A114B8}.Release|x64.ActiveCfg = Release|Any CPU
		{B6D17FA6-2653-44CE-A58F-9BDC35A114B8}.Release|x64.Build.0 = Release|Any CPU
		{B6D17FA6-2653-44CE-A58F-9BDC35A114B8}.Release|x86.ActiveCfg = Release|Any CPU
		{B6D17FA6-2653-44CE-A58F-9BDC35A114B8}.Release|x86.Build.0 = Release|Any CPU
		{1B06AC63-440E-4957-BF17-080AFF704A90}.Debug|Any CPU.ActiveCfg = Debug|Any CPU
		{1B06AC63-440E-4957-BF17-080AFF704A90}.Debug|Any CPU.Build.0 = Debug|Any CPU
		{1B06AC63-440E-4957-BF17-080AFF704A90}.Debug|x64.ActiveCfg = Debug|Any CPU
		{1B06AC63-440E-4957-BF17-080AFF704A90}.Debug|x64.Build.0 = Debug|Any CPU
		{1B06AC63-440E-4957-BF17-080AFF704A90}.Debug|x86.ActiveCfg = Debug|Any CPU
		{1B06AC63-440E-4957-BF17-080AFF704A90}.Debug|x86.Build.0 = Debug|Any CPU
		{1B06AC63-440E-4957-BF17-080AFF704A90}.Release|Any CPU.ActiveCfg = Release|Any CPU
		{1B06AC63-440E-4957-BF17-080AFF704A90}.Release|Any CPU.Build.0 = Release|Any CPU
		{1B06AC63-440E-4957-BF17-080AFF704A90}.Release|x64.ActiveCfg = Release|Any CPU
		{1B06AC63-440E-4957-BF17-080AFF704A90}.Release|x64.Build.0 = Release|Any CPU
		{1B06AC63-440E-4957-BF17-080AFF704A90}.Release|x86.ActiveCfg = Release|Any CPU
		{1B06AC63-440E-4957-BF17-080AFF704A90}.Release|x86.Build.0 = Release|Any CPU
		{9B36A1EC-1BD8-40B9-8C29-F821165FD4DD}.Debug|Any CPU.ActiveCfg = Debug|Any CPU
		{9B36A1EC-1BD8-40B9-8C29-F821165FD4DD}.Debug|Any CPU.Build.0 = Debug|Any CPU
		{9B36A1EC-1BD8-40B9-8C29-F821165FD4DD}.Debug|x64.ActiveCfg = Debug|Any CPU
		{9B36A1EC-1BD8-40B9-8C29-F821165FD4DD}.Debug|x64.Build.0 = Debug|Any CPU
		{9B36A1EC-1BD8-40B9-8C29-F821165FD4DD}.Debug|x86.ActiveCfg = Debug|Any CPU
		{9B36A1EC-1BD8-40B9-8C29-F821165FD4DD}.Debug|x86.Build.0 = Debug|Any CPU
		{9B36A1EC-1BD8-40B9-8C29-F821165FD4DD}.Release|Any CPU.ActiveCfg = Release|Any CPU
		{9B36A1EC-1BD8-40B9-8C29-F821165FD4DD}.Release|Any CPU.Build.0 = Release|Any CPU
		{9B36A1EC-1BD8-40B9-8C29-F821165FD4DD}.Release|x64.ActiveCfg = Release|Any CPU
		{9B36A1EC-1BD8-40B9-8C29-F821165FD4DD}.Release|x64.Build.0 = Release|Any CPU
		{9B36A1EC-1BD8-40B9-8C29-F821165FD4DD}.Release|x86.ActiveCfg = Release|Any CPU
		{9B36A1EC-1BD8-40B9-8C29-F821165FD4DD}.Release|x86.Build.0 = Release|Any CPU
		{D2B3EBE8-A28C-465B-AC8A-EEF65C7CE0E2}.Debug|Any CPU.ActiveCfg = Debug|Any CPU
		{D2B3EBE8-A28C-465B-AC8A-EEF65C7CE0E2}.Debug|Any CPU.Build.0 = Debug|Any CPU
		{D2B3EBE8-A28C-465B-AC8A-EEF65C7CE0E2}.Debug|x64.ActiveCfg = Debug|Any CPU
		{D2B3EBE8-A28C-465B-AC8A-EEF65C7CE0E2}.Debug|x64.Build.0 = Debug|Any CPU
		{D2B3EBE8-A28C-465B-AC8A-EEF65C7CE0E2}.Debug|x86.ActiveCfg = Debug|Any CPU
		{D2B3EBE8-A28C-465B-AC8A-EEF65C7CE0E2}.Debug|x86.Build.0 = Debug|Any CPU
		{D2B3EBE8-A28C-465B-AC8A-EEF65C7CE0E2}.Release|Any CPU.ActiveCfg = Release|Any CPU
		{D2B3EBE8-A28C-465B-AC8A-EEF65C7CE0E2}.Release|Any CPU.Build.0 = Release|Any CPU
		{D2B3EBE8-A28C-465B-AC8A-EEF65C7CE0E2}.Release|x64.ActiveCfg = Release|Any CPU
		{D2B3EBE8-A28C-465B-AC8A-EEF65C7CE0E2}.Release|x64.Build.0 = Release|Any CPU
		{D2B3EBE8-A28C-465B-AC8A-EEF65C7CE0E2}.Release|x86.ActiveCfg = Release|Any CPU
		{D2B3EBE8-A28C-465B-AC8A-EEF65C7CE0E2}.Release|x86.Build.0 = Release|Any CPU
		{7B630032-CE6A-46F4-BF7A-FDE71B9B94F2}.Debug|Any CPU.ActiveCfg = Debug|Any CPU
		{7B630032-CE6A-46F4-BF7A-FDE71B9B94F2}.Debug|Any CPU.Build.0 = Debug|Any CPU
		{7B630032-CE6A-46F4-BF7A-FDE71B9B94F2}.Debug|x64.ActiveCfg = Debug|Any CPU
		{7B630032-CE6A-46F4-BF7A-FDE71B9B94F2}.Debug|x64.Build.0 = Debug|Any CPU
		{7B630032-CE6A-46F4-BF7A-FDE71B9B94F2}.Debug|x86.ActiveCfg = Debug|Any CPU
		{7B630032-CE6A-46F4-BF7A-FDE71B9B94F2}.Debug|x86.Build.0 = Debug|Any CPU
		{7B630032-CE6A-46F4-BF7A-FDE71B9B94F2}.Release|Any CPU.ActiveCfg = Release|Any CPU
		{7B630032-CE6A-46F4-BF7A-FDE71B9B94F2}.Release|Any CPU.Build.0 = Release|Any CPU
		{7B630032-CE6A-46F4-BF7A-FDE71B9B94F2}.Release|x64.ActiveCfg = Release|Any CPU
		{7B630032-CE6A-46F4-BF7A-FDE71B9B94F2}.Release|x64.Build.0 = Release|Any CPU
		{7B630032-CE6A-46F4-BF7A-FDE71B9B94F2}.Release|x86.ActiveCfg = Release|Any CPU
		{7B630032-CE6A-46F4-BF7A-FDE71B9B94F2}.Release|x86.Build.0 = Release|Any CPU
		{F1082B23-C4C1-49D3-AEC2-5BEBEB2768FB}.Debug|Any CPU.ActiveCfg = Debug|Any CPU
		{F1082B23-C4C1-49D3-AEC2-5BEBEB2768FB}.Debug|Any CPU.Build.0 = Debug|Any CPU
		{F1082B23-C4C1-49D3-AEC2-5BEBEB2768FB}.Debug|x64.ActiveCfg = Debug|Any CPU
		{F1082B23-C4C1-49D3-AEC2-5BEBEB2768FB}.Debug|x64.Build.0 = Debug|Any CPU
		{F1082B23-C4C1-49D3-AEC2-5BEBEB2768FB}.Debug|x86.ActiveCfg = Debug|Any CPU
		{F1082B23-C4C1-49D3-AEC2-5BEBEB2768FB}.Debug|x86.Build.0 = Debug|Any CPU
		{F1082B23-C4C1-49D3-AEC2-5BEBEB2768FB}.Release|Any CPU.ActiveCfg = Release|Any CPU
		{F1082B23-C4C1-49D3-AEC2-5BEBEB2768FB}.Release|Any CPU.Build.0 = Release|Any CPU
		{F1082B23-C4C1-49D3-AEC2-5BEBEB2768FB}.Release|x64.ActiveCfg = Release|Any CPU
		{F1082B23-C4C1-49D3-AEC2-5BEBEB2768FB}.Release|x64.Build.0 = Release|Any CPU
		{F1082B23-C4C1-49D3-AEC2-5BEBEB2768FB}.Release|x86.ActiveCfg = Release|Any CPU
		{F1082B23-C4C1-49D3-AEC2-5BEBEB2768FB}.Release|x86.Build.0 = Release|Any CPU
		{8FC05C45-EFBF-4D72-99BA-7EE6AC88B804}.Debug|Any CPU.ActiveCfg = Debug|Any CPU
		{8FC05C45-EFBF-4D72-99BA-7EE6AC88B804}.Debug|Any CPU.Build.0 = Debug|Any CPU
		{8FC05C45-EFBF-4D72-99BA-7EE6AC88B804}.Debug|x64.ActiveCfg = Debug|Any CPU
		{8FC05C45-EFBF-4D72-99BA-7EE6AC88B804}.Debug|x64.Build.0 = Debug|Any CPU
		{8FC05C45-EFBF-4D72-99BA-7EE6AC88B804}.Debug|x86.ActiveCfg = Debug|Any CPU
		{8FC05C45-EFBF-4D72-99BA-7EE6AC88B804}.Debug|x86.Build.0 = Debug|Any CPU
		{8FC05C45-EFBF-4D72-99BA-7EE6AC88B804}.Release|Any CPU.ActiveCfg = Release|Any CPU
		{8FC05C45-EFBF-4D72-99BA-7EE6AC88B804}.Release|Any CPU.Build.0 = Release|Any CPU
		{8FC05C45-EFBF-4D72-99BA-7EE6AC88B804}.Release|x64.ActiveCfg = Release|Any CPU
		{8FC05C45-EFBF-4D72-99BA-7EE6AC88B804}.Release|x64.Build.0 = Release|Any CPU
		{8FC05C45-EFBF-4D72-99BA-7EE6AC88B804}.Release|x86.ActiveCfg = Release|Any CPU
		{8FC05C45-EFBF-4D72-99BA-7EE6AC88B804}.Release|x86.Build.0 = Release|Any CPU
	EndGlobalSection
	GlobalSection(SolutionProperties) = preSolution
		HideSolutionNode = FALSE
	EndGlobalSection
	GlobalSection(NestedProjects) = preSolution
		{44814922-2CF5-4123-B4E4-E8B66F357DF7} = {827E0CD3-B72D-47B6-A68D-7590B98EB39B}
		{913490EA-9E7A-4BB8-8FB6-6264FF2B2887} = {827E0CD3-B72D-47B6-A68D-7590B98EB39B}
		{8B6FBCF0-2D94-47C1-B891-2D210BB95F19} = {827E0CD3-B72D-47B6-A68D-7590B98EB39B}
		{CB9FB626-F713-4237-AFF0-B2F6270F4743} = {827E0CD3-B72D-47B6-A68D-7590B98EB39B}
		{9DA5FA58-DEA8-4EDB-89EB-DD3C1FDF1D51} = {827E0CD3-B72D-47B6-A68D-7590B98EB39B}
		{B6D17FA6-2653-44CE-A58F-9BDC35A114B8} = {827E0CD3-B72D-47B6-A68D-7590B98EB39B}
		{1B06AC63-440E-4957-BF17-080AFF704A90} = {0AB3BF05-4346-4AA6-1389-037BE0695223}
		{9B36A1EC-1BD8-40B9-8C29-F821165FD4DD} = {0AB3BF05-4346-4AA6-1389-037BE0695223}
		{D2B3EBE8-A28C-465B-AC8A-EEF65C7CE0E2} = {0AB3BF05-4346-4AA6-1389-037BE0695223}
		{7B630032-CE6A-46F4-BF7A-FDE71B9B94F2} = {0AB3BF05-4346-4AA6-1389-037BE0695223}
		{F1082B23-C4C1-49D3-AEC2-5BEBEB2768FB} = {0AB3BF05-4346-4AA6-1389-037BE0695223}
		{8FC05C45-EFBF-4D72-99BA-7EE6AC88B804} = {827E0CD3-B72D-47B6-A68D-7590B98EB39B}
	EndGlobalSection
EndGlobal
